
Microsoft Visual Studio Solution File, Format Version 12.00
# Visual Studio 14
VisualStudioVersion = 14.0.25420.1
MinimumVisualStudioVersion = 10.0.40219.1
Project("{FAE04EC0-301F-11D3-BF4B-00C04F79EFBC}") = "DLL", "DLL\DLL.csproj", "{B1B9D178-8EAB-4FDC-8954-C312AC08BA4C}"
EndProject
Project("{FAE04EC0-301F-11D3-BF4B-00C04F79EFBC}") = "DB", "DB\DB.csproj", "{E767008B-48C2-4D50-BF3D-64486BE010DC}"
EndProject
Project("{FAE04EC0-301F-11D3-BF4B-00C04F79EFBC}") = "HXWebApp", "HXWebApp\HXWebApp.csproj", "{281393CE-1B96-4EF9-B762-C9F5F1E686FC}"
EndProject
Global
	GlobalSection(SolutionConfigurationPlatforms) = preSolution
		Debug|Android = Debug|Android
		Debug|Any CPU = Debug|Any CPU
		Debug|iOS = Debug|iOS
		Debug|Windows Phone (Universal) = Debug|Windows Phone (Universal)
		Debug|Windows Phone 8 = Debug|Windows Phone 8
		Debug|Windows-AnyCPU = Debug|Windows-AnyCPU
		Debug|Windows-ARM = Debug|Windows-ARM
		Debug|Windows-x64 = Debug|Windows-x64
		Debug|Windows-x86 = Debug|Windows-x86
		Release|Android = Release|Android
		Release|Any CPU = Release|Any CPU
		Release|iOS = Release|iOS
		Release|Windows Phone (Universal) = Release|Windows Phone (Universal)
		Release|Windows Phone 8 = Release|Windows Phone 8
		Release|Windows-AnyCPU = Release|Windows-AnyCPU
		Release|Windows-ARM = Release|Windows-ARM
		Release|Windows-x64 = Release|Windows-x64
		Release|Windows-x86 = Release|Windows-x86
	EndGlobalSection
	GlobalSection(ProjectConfigurationPlatforms) = postSolution
		{B1B9D178-8EAB-4FDC-8954-C312AC08BA4C}.Debug|Android.ActiveCfg = Debug|Any CPU
		{B1B9D178-8EAB-4FDC-8954-C312AC08BA4C}.Debug|Android.Build.0 = Debug|Any CPU
		{B1B9D178-8EAB-4FDC-8954-C312AC08BA4C}.Debug|Any CPU.ActiveCfg = Debug|Any CPU
		{B1B9D178-8EAB-4FDC-8954-C312AC08BA4C}.Debug|Any CPU.Build.0 = Debug|Any CPU
		{B1B9D178-8EAB-4FDC-8954-C312AC08BA4C}.Debug|iOS.ActiveCfg = Debug|Any CPU
		{B1B9D178-8EAB-4FDC-8954-C312AC08BA4C}.Debug|iOS.Build.0 = Debug|Any CPU
		{B1B9D178-8EAB-4FDC-8954-C312AC08BA4C}.Debug|Windows Phone (Universal).ActiveCfg = Debug|Any CPU
		{B1B9D178-8EAB-4FDC-8954-C312AC08BA4C}.Debug|Windows Phone (Universal).Build.0 = Debug|Any CPU
		{B1B9D178-8EAB-4FDC-8954-C312AC08BA4C}.Debug|Windows Phone 8.ActiveCfg = Debug|Any CPU
		{B1B9D178-8EAB-4FDC-8954-C312AC08BA4C}.Debug|Windows Phone 8.Build.0 = Debug|Any CPU
		{B1B9D178-8EAB-4FDC-8954-C312AC08BA4C}.Debug|Windows-AnyCPU.ActiveCfg = Debug|Any CPU
		{B1B9D178-8EAB-4FDC-8954-C312AC08BA4C}.Debug|Windows-AnyCPU.Build.0 = Debug|Any CPU
		{B1B9D178-8EAB-4FDC-8954-C312AC08BA4C}.Debug|Windows-ARM.ActiveCfg = Debug|Any CPU
		{B1B9D178-8EAB-4FDC-8954-C312AC08BA4C}.Debug|Windows-ARM.Build.0 = Debug|Any CPU
		{B1B9D178-8EAB-4FDC-8954-C312AC08BA4C}.Debug|Windows-x64.ActiveCfg = Debug|Any CPU
		{B1B9D178-8EAB-4FDC-8954-C312AC08BA4C}.Debug|Windows-x64.Build.0 = Debug|Any CPU
		{B1B9D178-8EAB-4FDC-8954-C312AC08BA4C}.Debug|Windows-x86.ActiveCfg = Debug|Any CPU
		{B1B9D178-8EAB-4FDC-8954-C312AC08BA4C}.Debug|Windows-x86.Build.0 = Debug|Any CPU
		{B1B9D178-8EAB-4FDC-8954-C312AC08BA4C}.Release|Android.ActiveCfg = Release|Any CPU
		{B1B9D178-8EAB-4FDC-8954-C312AC08BA4C}.Release|Android.Build.0 = Release|Any CPU
		{B1B9D178-8EAB-4FDC-8954-C312AC08BA4C}.Release|Any CPU.ActiveCfg = Release|Any CPU
		{B1B9D178-8EAB-4FDC-8954-C312AC08BA4C}.Release|Any CPU.Build.0 = Release|Any CPU
		{B1B9D178-8EAB-4FDC-8954-C312AC08BA4C}.Release|iOS.ActiveCfg = Release|Any CPU
		{B1B9D178-8EAB-4FDC-8954-C312AC08BA4C}.Release|iOS.Build.0 = Release|Any CPU
		{B1B9D178-8EAB-4FDC-8954-C312AC08BA4C}.Release|Windows Phone (Universal).ActiveCfg = Release|Any CPU
		{B1B9D178-8EAB-4FDC-8954-C312AC08BA4C}.Release|Windows Phone (Universal).Build.0 = Release|Any CPU
		{B1B9D178-8EAB-4FDC-8954-C312AC08BA4C}.Release|Windows Phone 8.ActiveCfg = Release|Any CPU
		{B1B9D178-8EAB-4FDC-8954-C312AC08BA4C}.Release|Windows Phone 8.Build.0 = Release|Any CPU
		{B1B9D178-8EAB-4FDC-8954-C312AC08BA4C}.Release|Windows-AnyCPU.ActiveCfg = Release|Any CPU
		{B1B9D178-8EAB-4FDC-8954-C312AC08BA4C}.Release|Windows-AnyCPU.Build.0 = Release|Any CPU
		{B1B9D178-8EAB-4FDC-8954-C312AC08BA4C}.Release|Windows-ARM.ActiveCfg = Release|Any CPU
		{B1B9D178-8EAB-4FDC-8954-C312AC08BA4C}.Release|Windows-ARM.Build.0 = Release|Any CPU
		{B1B9D178-8EAB-4FDC-8954-C312AC08BA4C}.Release|Windows-x64.ActiveCfg = Release|Any CPU
		{B1B9D178-8EAB-4FDC-8954-C312AC08BA4C}.Release|Windows-x64.Build.0 = Release|Any CPU
		{B1B9D178-8EAB-4FDC-8954-C312AC08BA4C}.Release|Windows-x86.ActiveCfg = Release|Any CPU
		{B1B9D178-8EAB-4FDC-8954-C312AC08BA4C}.Release|Windows-x86.Build.0 = Release|Any CPU
		{E767008B-48C2-4D50-BF3D-64486BE010DC}.Debug|Android.ActiveCfg = Debug|Any CPU
		{E767008B-48C2-4D50-BF3D-64486BE010DC}.Debug|Android.Build.0 = Debug|Any CPU
		{E767008B-48C2-4D50-BF3D-64486BE010DC}.Debug|Any CPU.ActiveCfg = Debug|Any CPU
		{E767008B-48C2-4D50-BF3D-64486BE010DC}.Debug|Any CPU.Build.0 = Debug|Any CPU
		{E767008B-48C2-4D50-BF3D-64486BE010DC}.Debug|Any CPU.Deploy.0 = Debug|Any CPU
		{E767008B-48C2-4D50-BF3D-64486BE010DC}.Debug|iOS.ActiveCfg = Debug|Any CPU
		{E767008B-48C2-4D50-BF3D-64486BE010DC}.Debug|iOS.Build.0 = Debug|Any CPU
		{E767008B-48C2-4D50-BF3D-64486BE010DC}.Debug|Windows Phone (Universal).ActiveCfg = Debug|Any CPU
		{E767008B-48C2-4D50-BF3D-64486BE010DC}.Debug|Windows Phone (Universal).Build.0 = Debug|Any CPU
		{E767008B-48C2-4D50-BF3D-64486BE010DC}.Debug|Windows Phone 8.ActiveCfg = Debug|Any CPU
		{E767008B-48C2-4D50-BF3D-64486BE010DC}.Debug|Windows Phone 8.Build.0 = Debug|Any CPU
		{E767008B-48C2-4D50-BF3D-64486BE010DC}.Debug|Windows-AnyCPU.ActiveCfg = Debug|Any CPU
		{E767008B-48C2-4D50-BF3D-64486BE010DC}.Debug|Windows-AnyCPU.Build.0 = Debug|Any CPU
		{E767008B-48C2-4D50-BF3D-64486BE010DC}.Debug|Windows-ARM.ActiveCfg = Debug|Any CPU
		{E767008B-48C2-4D50-BF3D-64486BE010DC}.Debug|Windows-ARM.Build.0 = Debug|Any CPU
		{E767008B-48C2-4D50-BF3D-64486BE010DC}.Debug|Windows-x64.ActiveCfg = Debug|Any CPU
		{E767008B-48C2-4D50-BF3D-64486BE010DC}.Debug|Windows-x64.Build.0 = Debug|Any CPU
		{E767008B-48C2-4D50-BF3D-64486BE010DC}.Debug|Windows-x86.ActiveCfg = Debug|Any CPU
		{E767008B-48C2-4D50-BF3D-64486BE010DC}.Debug|Windows-x86.Build.0 = Debug|Any CPU
		{E767008B-48C2-4D50-BF3D-64486BE010DC}.Release|Android.ActiveCfg = Release|Any CPU
		{E767008B-48C2-4D50-BF3D-64486BE010DC}.Release|Android.Build.0 = Release|Any CPU
		{E767008B-48C2-4D50-BF3D-64486BE010DC}.Release|Any CPU.ActiveCfg = Release|Any CPU
		{E767008B-48C2-4D50-BF3D-64486BE010DC}.Release|Any CPU.Build.0 = Release|Any CPU
		{E767008B-48C2-4D50-BF3D-64486BE010DC}.Release|iOS.ActiveCfg = Release|Any CPU
		{E767008B-48C2-4D50-BF3D-64486BE010DC}.Release|iOS.Build.0 = Release|Any CPU
		{E767008B-48C2-4D50-BF3D-64486BE010DC}.Release|Windows Phone (Universal).ActiveCfg = Release|Any CPU
		{E767008B-48C2-4D50-BF3D-64486BE010DC}.Release|Windows Phone (Universal).Build.0 = Release|Any CPU
		{E767008B-48C2-4D50-BF3D-64486BE010DC}.Release|Windows Phone 8.ActiveCfg = Release|Any CPU
		{E767008B-48C2-4D50-BF3D-64486BE010DC}.Release|Windows Phone 8.Build.0 = Release|Any CPU
		{E767008B-48C2-4D50-BF3D-64486BE010DC}.Release|Windows-AnyCPU.ActiveCfg = Release|Any CPU
		{E767008B-48C2-4D50-BF3D-64486BE010DC}.Release|Windows-AnyCPU.Build.0 = Release|Any CPU
		{E767008B-48C2-4D50-BF3D-64486BE010DC}.Release|Windows-ARM.ActiveCfg = Release|Any CPU
		{E767008B-48C2-4D50-BF3D-64486BE010DC}.Release|Windows-ARM.Build.0 = Release|Any CPU
		{E767008B-48C2-4D50-BF3D-64486BE010DC}.Release|Windows-x64.ActiveCfg = Release|Any CPU
		{E767008B-48C2-4D50-BF3D-64486BE010DC}.Release|Windows-x64.Build.0 = Release|Any CPU
		{E767008B-48C2-4D50-BF3D-64486BE010DC}.Release|Windows-x86.ActiveCfg = Release|Any CPU
		{E767008B-48C2-4D50-BF3D-64486BE010DC}.Release|Windows-x86.Build.0 = Release|Any CPU
		{281393CE-1B96-4EF9-B762-C9F5F1E686FC}.Debug|Android.ActiveCfg = Debug|Any CPU
		{281393CE-1B96-4EF9-B762-C9F5F1E686FC}.Debug|Android.Build.0 = Debug|Any CPU
		{281393CE-1B96-4EF9-B762-C9F5F1E686FC}.Debug|Any CPU.ActiveCfg = Debug|Any CPU
		{281393CE-1B96-4EF9-B762-C9F5F1E686FC}.Debug|Any CPU.Build.0 = Debug|Any CPU
		{281393CE-1B96-4EF9-B762-C9F5F1E686FC}.Debug|iOS.ActiveCfg = Debug|Any CPU
		{281393CE-1B96-4EF9-B762-C9F5F1E686FC}.Debug|iOS.Build.0 = Debug|Any CPU
		{281393CE-1B96-4EF9-B762-C9F5F1E686FC}.Debug|Windows Phone (Universal).ActiveCfg = Debug|Any CPU
		{281393CE-1B96-4EF9-B762-C9F5F1E686FC}.Debug|Windows Phone (Universal).Build.0 = Debug|Any CPU
		{281393CE-1B96-4EF9-B762-C9F5F1E686FC}.Debug|Windows Phone 8.ActiveCfg = Debug|Any CPU
		{281393CE-1B96-4EF9-B762-C9F5F1E686FC}.Debug|Windows Phone 8.Build.0 = Debug|Any CPU
		{281393CE-1B96-4EF9-B762-C9F5F1E686FC}.Debug|Windows-AnyCPU.ActiveCfg = Debug|Any CPU
		{281393CE-1B96-4EF9-B762-C9F5F1E686FC}.Debug|Windows-AnyCPU.Build.0 = Debug|Any CPU
		{281393CE-1B96-4EF9-B762-C9F5F1E686FC}.Debug|Windows-ARM.ActiveCfg = Debug|Any CPU
		{281393CE-1B96-4EF9-B762-C9F5F1E686FC}.Debug|Windows-ARM.Build.0 = Debug|Any CPU
		{281393CE-1B96-4EF9-B762-C9F5F1E686FC}.Debug|Windows-x64.ActiveCfg = Debug|Any CPU
		{281393CE-1B96-4EF9-B762-C9F5F1E686FC}.Debug|Windows-x64.Build.0 = Debug|Any CPU
		{281393CE-1B96-4EF9-B762-C9F5F1E686FC}.Debug|Windows-x86.ActiveCfg = Debug|Any CPU
		{281393CE-1B96-4EF9-B762-C9F5F1E686FC}.Debug|Windows-x86.Build.0 = Debug|Any CPU
		{281393CE-1B96-4EF9-B762-C9F5F1E686FC}.Release|Android.ActiveCfg = Release|Any CPU
		{281393CE-1B96-4EF9-B762-C9F5F1E686FC}.Release|Android.Build.0 = Release|Any CPU
		{281393CE-1B96-4EF9-B762-C9F5F1E686FC}.Release|Any CPU.ActiveCfg = Release|Any CPU
		{281393CE-1B96-4EF9-B762-C9F5F1E686FC}.Release|Any CPU.Build.0 = Release|Any CPU
		{281393CE-1B96-4EF9-B762-C9F5F1E686FC}.Release|iOS.ActiveCfg = Release|Any CPU
		{281393CE-1B96-4EF9-B762-C9F5F1E686FC}.Release|iOS.Build.0 = Release|Any CPU
		{281393CE-1B96-4EF9-B762-C9F5F1E686FC}.Release|Windows Phone (Universal).ActiveCfg = Release|Any CPU
		{281393CE-1B96-4EF9-B762-C9F5F1E686FC}.Release|Windows Phone (Universal).Build.0 = Release|Any CPU
		{281393CE-1B96-4EF9-B762-C9F5F1E686FC}.Release|Windows Phone 8.ActiveCfg = Release|Any CPU
		{281393CE-1B96-4EF9-B762-C9F5F1E686FC}.Release|Windows Phone 8.Build.0 = Release|Any CPU
		{281393CE-1B96-4EF9-B762-C9F5F1E686FC}.Release|Windows-AnyCPU.ActiveCfg = Release|Any CPU
		{281393CE-1B96-4EF9-B762-C9F5F1E686FC}.Release|Windows-AnyCPU.Build.0 = Release|Any CPU
		{281393CE-1B96-4EF9-B762-C9F5F1E686FC}.Release|Windows-ARM.ActiveCfg = Release|Any CPU
		{281393CE-1B96-4EF9-B762-C9F5F1E686FC}.Release|Windows-ARM.Build.0 = Release|Any CPU
		{281393CE-1B96-4EF9-B762-C9F5F1E686FC}.Release|Windows-x64.ActiveCfg = Release|Any CPU
		{281393CE-1B96-4EF9-B762-C9F5F1E686FC}.Release|Windows-x64.Build.0 = Release|Any CPU
		{281393CE-1B96-4EF9-B762-C9F5F1E686FC}.Release|Windows-x86.ActiveCfg = Release|Any CPU
		{281393CE-1B96-4EF9-B762-C9F5F1E686FC}.Release|Windows-x86.Build.0 = Release|Any CPU
	EndGlobalSection
	GlobalSection(SolutionProperties) = preSolution
		HideSolutionNode = FALSE
	EndGlobalSection
EndGlobal
